
Microsoft Visual Studio Solution File, Format Version 12.00
# Visual Studio Version 16
VisualStudioVersion = 16.0.31515.178
MinimumVisualStudioVersion = 10.0.40219.1
Project("{FAE04EC0-301F-11D3-BF4B-00C04F79EFBC}") = "Flabby Bird Windows Form", "Flabby Bird Windows Form.csproj", "{F3FC14BF-CB31-4F08-A4CE-C5C87B54E266}"
EndProject
Global
	GlobalSection(SolutionConfigurationPlatforms) = preSolution
		Debug|Any CPU = Debug|Any CPU
		Release|Any CPU = Release|Any CPU
	EndGlobalSection
	GlobalSection(ProjectConfigurationPlatforms) = postSolution
		{F3FC14BF-CB31-4F08-A4CE-C5C87B54E266}.Debug|Any CPU.ActiveCfg = Debug|Any CPU
		{F3FC14BF-CB31-4F08-A4CE-C5C87B54E266}.Debug|Any CPU.Build.0 = Debug|Any CPU
		{F3FC14BF-CB31-4F08-A4CE-C5C87B54E266}.Release|Any CPU.ActiveCfg = Release|Any CPU
		{F3FC14BF-CB31-4F08-A4CE-C5C87B54E266}.Release|Any CPU.Build.0 = Release|Any CPU
	EndGlobalSection
	GlobalSection(SolutionProperties) = preSolution
		HideSolutionNode = FALSE
	EndGlobalSection
	GlobalSection(ExtensibilityGlobals) = postSolution
		SolutionGuid = {80628410-7631-49F7-B780-D9582980315E}
	EndGlobalSection
EndGlobal
